
Microsoft Visual Studio Solution File, Format Version 12.00
# Visual Studio 15
VisualStudioVersion = 15.0.27703.2042
MinimumVisualStudioVersion = 10.0.40219.1
Project("{FAE04EC0-301F-11D3-BF4B-00C04F79EFBC}") = "CodeSecond", "CodeSecond\CodeSecond.csproj", "{96E3F7EB-6692-4355-A464-380B385515B3}"
EndProject
Global
	GlobalSection(SolutionConfigurationPlatforms) = preSolution
		Debug|Any CPU = Debug|Any CPU
		Release|Any CPU = Release|Any CPU
	EndGlobalSection
	GlobalSection(ProjectConfigurationPlatforms) = postSolution
		{96E3F7EB-6692-4355-A464-380B385515B3}.Debug|Any CPU.ActiveCfg = Debug|Any CPU
		{96E3F7EB-6692-4355-A464-380B385515B3}.Debug|Any CPU.Build.0 = Debug|Any CPU
		{96E3F7EB-6692-4355-A464-380B385515B3}.Release|Any CPU.ActiveCfg = Release|Any CPU
		{96E3F7EB-6692-4355-A464-380B385515B3}.Release|Any CPU.Build.0 = Release|Any CPU
	EndGlobalSection
	GlobalSection(SolutionProperties) = preSolution
		HideSolutionNode = FALSE
	EndGlobalSection
	GlobalSection(ExtensibilityGlobals) = postSolution
		SolutionGuid = {4EF167A4-47A5-4F31-A9FC-A73E7EB38B32}
	EndGlobalSection
EndGlobal
